
Microsoft Visual Studio Solution File, Format Version 12.00
# Visual Studio 15
VisualStudioVersion = 15.0.28307.572
MinimumVisualStudioVersion = 10.0.40219.1
Project("{FAE04EC0-301F-11D3-BF4B-00C04F79EFBC}") = "xadrez-console", "xadrez-console\xadrez-console.csproj", "{49DB84AB-4042-4E89-98EA-FC73F1946E89}"
EndProject
Global
	GlobalSection(SolutionConfigurationPlatforms) = preSolution
		Debug|Any CPU = Debug|Any CPU
		Release|Any CPU = Release|Any CPU
	EndGlobalSection
	GlobalSection(ProjectConfigurationPlatforms) = postSolution
		{49DB84AB-4042-4E89-98EA-FC73F1946E89}.Debug|Any CPU.ActiveCfg = Debug|Any CPU
		{49DB84AB-4042-4E89-98EA-FC73F1946E89}.Debug|Any CPU.Build.0 = Debug|Any CPU
		{49DB84AB-4042-4E89-98EA-FC73F1946E89}.Release|Any CPU.ActiveCfg = Release|Any CPU
		{49DB84AB-4042-4E89-98EA-FC73F1946E89}.Release|Any CPU.Build.0 = Release|Any CPU
	EndGlobalSection
	GlobalSection(SolutionProperties) = preSolution
		HideSolutionNode = FALSE
	EndGlobalSection
	GlobalSection(ExtensibilityGlobals) = postSolution
		SolutionGuid = {36B253C1-DC80-4D73-B50B-5CC43B30DB39}
	EndGlobalSection
EndGlobal
